
Microsoft Visual Studio Solution File, Format Version 12.00
Project("{FAE04EC0-301F-11D3-BF4B-00C04F79EFBC}") = "Northwind.EntityModels", "Northwind.EntityModels\Northwind.EntityModels.csproj", "{45C2BF9D-7A41-44AF-8C1D-20D581753FAD}"
EndProject
Project("{2150E333-8FDC-42A3-9474-1A3956D46DE8}") = "NorthwindDb", "NorthwindDb", "{EBE7D1D4-7AAC-4DEC-9FFB-CECD7C8B2B57}"
EndProject
Project("{FAE04EC0-301F-11D3-BF4B-00C04F79EFBC}") = "Northwind.DataContext", "Northwind.DataContext\Northwind.DataContext.csproj", "{E1173AFF-721B-46F4-A176-931EE8A4AF15}"
EndProject
Project("{2150E333-8FDC-42A3-9474-1A3956D46DE8}") = "UnitTests", "UnitTests", "{4BC321B5-54F0-4486-87DD-11897CC8CF44}"
EndProject
Project("{FAE04EC0-301F-11D3-BF4B-00C04F79EFBC}") = "ModernApps.UnitTest", "ModernApps.UnitTest\ModernApps.UnitTest.csproj", "{D6200A2B-C5B6-480F-9817-ECFCB6D7AE04}"
EndProject
Global
	GlobalSection(SolutionConfigurationPlatforms) = preSolution
		Debug|Any CPU = Debug|Any CPU
		Release|Any CPU = Release|Any CPU
	EndGlobalSection
	GlobalSection(ProjectConfigurationPlatforms) = postSolution
		{45C2BF9D-7A41-44AF-8C1D-20D581753FAD}.Debug|Any CPU.ActiveCfg = Debug|Any CPU
		{45C2BF9D-7A41-44AF-8C1D-20D581753FAD}.Debug|Any CPU.Build.0 = Debug|Any CPU
		{45C2BF9D-7A41-44AF-8C1D-20D581753FAD}.Release|Any CPU.ActiveCfg = Release|Any CPU
		{45C2BF9D-7A41-44AF-8C1D-20D581753FAD}.Release|Any CPU.Build.0 = Release|Any CPU
		{E1173AFF-721B-46F4-A176-931EE8A4AF15}.Debug|Any CPU.ActiveCfg = Debug|Any CPU
		{E1173AFF-721B-46F4-A176-931EE8A4AF15}.Debug|Any CPU.Build.0 = Debug|Any CPU
		{E1173AFF-721B-46F4-A176-931EE8A4AF15}.Release|Any CPU.ActiveCfg = Release|Any CPU
		{E1173AFF-721B-46F4-A176-931EE8A4AF15}.Release|Any CPU.Build.0 = Release|Any CPU
		{D6200A2B-C5B6-480F-9817-ECFCB6D7AE04}.Debug|Any CPU.ActiveCfg = Debug|Any CPU
		{D6200A2B-C5B6-480F-9817-ECFCB6D7AE04}.Debug|Any CPU.Build.0 = Debug|Any CPU
		{D6200A2B-C5B6-480F-9817-ECFCB6D7AE04}.Release|Any CPU.ActiveCfg = Release|Any CPU
		{D6200A2B-C5B6-480F-9817-ECFCB6D7AE04}.Release|Any CPU.Build.0 = Release|Any CPU
	EndGlobalSection
	GlobalSection(NestedProjects) = preSolution
		{45C2BF9D-7A41-44AF-8C1D-20D581753FAD} = {EBE7D1D4-7AAC-4DEC-9FFB-CECD7C8B2B57}
		{E1173AFF-721B-46F4-A176-931EE8A4AF15} = {EBE7D1D4-7AAC-4DEC-9FFB-CECD7C8B2B57}
		{D6200A2B-C5B6-480F-9817-ECFCB6D7AE04} = {4BC321B5-54F0-4486-87DD-11897CC8CF44}
	EndGlobalSection
EndGlobal
